
Microsoft Visual Studio Solution File, Format Version 12.00
# Visual Studio 15
VisualStudioVersion = 15.0.28307.1800
MinimumVisualStudioVersion = 10.0.40219.1
Project("{FAE04EC0-301F-11D3-BF4B-00C04F79EFBC}") = "High Pressure Applications", "High Pressure Applications.csproj", "{47B3C745-CF6E-4BC1-987C-60D6A0FCC1C0}"
EndProject
Global
	GlobalSection(SolutionConfigurationPlatforms) = preSolution
		Debug|Any CPU = Debug|Any CPU
		Release|Any CPU = Release|Any CPU
	EndGlobalSection
	GlobalSection(ProjectConfigurationPlatforms) = postSolution
		{47B3C745-CF6E-4BC1-987C-60D6A0FCC1C0}.Debug|Any CPU.ActiveCfg = Debug|Any CPU
		{47B3C745-CF6E-4BC1-987C-60D6A0FCC1C0}.Debug|Any CPU.Build.0 = Debug|Any CPU
		{47B3C745-CF6E-4BC1-987C-60D6A0FCC1C0}.Release|Any CPU.ActiveCfg = Release|Any CPU
		{47B3C745-CF6E-4BC1-987C-60D6A0FCC1C0}.Release|Any CPU.Build.0 = Release|Any CPU
	EndGlobalSection
	GlobalSection(SolutionProperties) = preSolution
		HideSolutionNode = FALSE
	EndGlobalSection
	GlobalSection(ExtensibilityGlobals) = postSolution
		SolutionGuid = {6847CB34-58BF-4CD8-83A5-D670D0E38DC8}
	EndGlobalSection
EndGlobal
